
Microsoft Visual Studio Solution File, Format Version 12.00
# Visual Studio 15
Project("{FAE04EC0-301F-11D3-BF4B-00C04F79EFBC}") = "Assembly-CSharp", "Assembly-CSharp.csproj", "{E607BBAA-5B87-7103-DF7D-22EEEF57219D}"
EndProject
Project("{FAE04EC0-301F-11D3-BF4B-00C04F79EFBC}") = "Assembly-CSharp-Editor", "Assembly-CSharp-Editor.csproj", "{9E803E85-54A2-004A-91B4-D9200E7625FE}"
EndProject
Global
	GlobalSection(SolutionConfigurationPlatforms) = preSolution
		Debug|Any CPU = Debug|Any CPU
		Release|Any CPU = Release|Any CPU
	EndGlobalSection
	GlobalSection(ProjectConfigurationPlatforms) = postSolution
		{E607BBAA-5B87-7103-DF7D-22EEEF57219D}.Debug|Any CPU.ActiveCfg = Debug|Any CPU
		{E607BBAA-5B87-7103-DF7D-22EEEF57219D}.Debug|Any CPU.Build.0 = Debug|Any CPU
		{E607BBAA-5B87-7103-DF7D-22EEEF57219D}.Release|Any CPU.ActiveCfg = Release|Any CPU
		{E607BBAA-5B87-7103-DF7D-22EEEF57219D}.Release|Any CPU.Build.0 = Release|Any CPU
		{9E803E85-54A2-004A-91B4-D9200E7625FE}.Debug|Any CPU.ActiveCfg = Debug|Any CPU
		{9E803E85-54A2-004A-91B4-D9200E7625FE}.Debug|Any CPU.Build.0 = Debug|Any CPU
		{9E803E85-54A2-004A-91B4-D9200E7625FE}.Release|Any CPU.ActiveCfg = Release|Any CPU
		{9E803E85-54A2-004A-91B4-D9200E7625FE}.Release|Any CPU.Build.0 = Release|Any CPU
	EndGlobalSection
	GlobalSection(SolutionProperties) = preSolution
		HideSolutionNode = FALSE
	EndGlobalSection
EndGlobal
